{
  "name": "maze-solver",
  "version": "1.0.0",
  "lockfileVersion": 1,
  "requires": true,
  "dependencies": {
    "generate-maze": {
      "version": "0.2.0",
      "resolved": "https://registry.npmjs.org/generate-maze/-/generate-maze-0.2.0.tgz",
      "integrity": "sha512-gB9eK/GxsoycgqkDOLNyN4xBvCeKVdMzzhAgNw++RffHYwRZCj31jf1GrrBnRZ7taJyv0OzEcW3eMA/qAu5bZA=="
    },
    "maze": {
      "version": "0.1.0",
      "resolved": "https://registry.npmjs.org/maze/-/maze-0.1.0.tgz",
      "integrity": "sha512-qU+Adbcidbt7yVzSoPwTYuOLWW+xDtFp38AKimpJpzn3Ob4DZNRk34Ry+7YN6ETlEI/mgEhgVPU+AxxV7uKA7Q=="
    },
    "maze-generator": {
      "version": "0.1.2",
      "resolved": "https://registry.npmjs.org/maze-generator/-/maze-generator-0.1.2.tgz",
      "integrity": "sha1-J/akp8R84Rr1x9Gsn2PyM4Tfbgg="
    }
  }
}
